{
  "name": "earwig-claude-reader",
  "lockfileVersion": 3,
  "requires": true,
  "packages": {
    "": {
      "name": "earwig-claude-reader",
      "license": "MIT",
      "dependencies": {
        "@anthropic-ai/claude-agent-sdk": "0.3.233"
      }
    },
    "node_modules/@anthropic-ai/claude-agent-sdk": {
      "version": "0.3.233",
      "resolved": "https://registry.npmjs.org/@anthropic-ai/claude-agent-sdk/-/claude-agent-sdk-0.3.233.tgz",
      "integrity": "sha512-Dy+YqhggwtbezDy3Ap2pb1sK3bOqnI+sLNnsVjB3AUWvR0QlGnjjrjORXY03Y50I+B1eFRNEcYPAZKRYlCkSLQ==",
      "license": "SEE LICENSE IN README.md",
      "engines": {
        "node": ">=18.0.0"
      },
      "optionalDependencies": {
        "@anthropic-ai/claude-agent-sdk-darwin-arm64": "0.3.233",
        "@anthropic-ai/claude-agent-sdk-darwin-x64": "0.3.233",
        "@anthropic-ai/claude-agent-sdk-linux-arm64": "0.3.233",
        "@anthropic-ai/claude-agent-sdk-linux-arm64-musl": "0.3.233",
        "@anthropic-ai/claude-agent-sdk-linux-x64": "0.3.233",
        "@anthropic-ai/claude-agent-sdk-linux-x64-musl": "0.3.233",
        "@anthropic-ai/claude-agent-sdk-win32-arm64": "0.3.233",
        "@anthropic-ai/claude-agent-sdk-win32-x64": "0.3.233"
      },
      "peerDependencies": {
        "@anthropic-ai/sdk": ">=0.93.0",
        "@modelcontextprotocol/sdk": "^1.29.0",
        "zod": "^4.0.0"
      }
    },
    "node_modules/@anthropic-ai/claude-agent-sdk-darwin-arm64": {
      "version": "0.3.233",
      "resolved": "https://registry.npmjs.org/@anthropic-ai/claude-agent-sdk-darwin-arm64/-/claude-agent-sdk-darwin-arm64-0.3.233.tgz",
      "integrity": "sha512-4WDiBZgcrmvTDJjS8RNZwoxGgMz/0EpOM+sYa6EtyjwHTd6It1H/+k5zBckCmBajbgS5/ASCJqdwZzi7dwBl0Q==",
      "cpu": [
        "arm64"
      ],
      "license": "SEE LICENSE IN LICENSE.md",
      "optional": true,
      "os": [
        "darwin"
      ]
    },
    "node_modules/@anthropic-ai/claude-agent-sdk-darwin-x64": {
      "version": "0.3.233",
      "resolved": "https://registry.npmjs.org/@anthropic-ai/claude-agent-sdk-darwin-x64/-/claude-agent-sdk-darwin-x64-0.3.233.tgz",
      "integrity": "sha512-RaaEfNrbqSh77H5NdVF9cJQ0xhAUO92aOv71LSKSdAYModMeUvJN0k22Q7gvmx0TlmqJ+aVyCG8J8gVfgSL9mg==",
      "cpu": [
        "x64"
      ],
      "license": "SEE LICENSE IN LICENSE.md",
      "optional": true,
      "os": [
        "darwin"
      ]
    },
    "node_modules/@anthropic-ai/claude-agent-sdk-linux-arm64": {
      "version": "0.3.233",
      "resolved": "https://registry.npmjs.org/@anthropic-ai/claude-agent-sdk-linux-arm64/-/claude-agent-sdk-linux-arm64-0.3.233.tgz",
      "integrity": "sha512-Az9HjQthYQqRjJCacBtDIAHX3TRGK9WlACNb/UOGAK3JndNzZMprM2mK/t6YmP2cRLJsGyorxL7HZmR9R9HYaw==",
      "cpu": [
        "arm64"
      ],
      "libc": [
        "glibc"
      ],
      "license": "SEE LICENSE IN LICENSE.md",
      "optional": true,
      "os": [
        "linux"
      ]
    },
    "node_modules/@anthropic-ai/claude-agent-sdk-linux-arm64-musl": {
      "version": "0.3.233",
      "resolved": "https://registry.npmjs.org/@anthropic-ai/claude-agent-sdk-linux-arm64-musl/-/claude-agent-sdk-linux-arm64-musl-0.3.233.tgz",
      "integrity": "sha512-Z3uZdzt6xgJ3f4NIgO6lzBYSELULKSq6AL4OsNLBzuaEpVW0iYs1kUCaD9rcMlMrf3cV+Dk/GA/lTCGMgbucjQ==",
      "cpu": [
        "arm64"
      ],
      "libc": [
        "musl"
      ],
      "license": "SEE LICENSE IN LICENSE.md",
      "optional": true,
      "os": [
        "linux"
      ]
    },
    "node_modules/@anthropic-ai/claude-agent-sdk-linux-x64": {
      "version": "0.3.233",
      "resolved": "https://registry.npmjs.org/@anthropic-ai/claude-agent-sdk-linux-x64/-/claude-agent-sdk-linux-x64-0.3.233.tgz",
      "integrity": "sha512-jpbhV+n9PnxLiyheQ/HjtHIg/E5/jVsk2Vdu132BSoL/3bsObSmMqKgsqoMutzwRZvtpqRs2RPVcjsC8G4A9Zw==",
      "cpu": [
        "x64"
      ],
      "libc": [
        "glibc"
      ],
      "license": "SEE LICENSE IN LICENSE.md",
      "optional": true,
      "os": [
        "linux"
      ]
    },
    "node_modules/@anthropic-ai/claude-agent-sdk-linux-x64-musl": {
      "version": "0.3.233",
      "resolved": "https://registry.npmjs.org/@anthropic-ai/claude-agent-sdk-linux-x64-musl/-/claude-agent-sdk-linux-x64-musl-0.3.233.tgz",
      "integrity": "sha512-kYBIAQCu2f1YITcGbpUN2jfrkAzs59TVAragAhE2z+GrkIcxcpZwmaRY6heMBtaSY8SuyrwgqbCW9hJALYFnEg==",
      "cpu": [
        "x64"
      ],
      "libc": [
        "musl"
      ],
      "license": "SEE LICENSE IN LICENSE.md",
      "optional": true,
      "os": [
        "linux"
      ]
    },
    "node_modules/@anthropic-ai/claude-agent-sdk-win32-arm64": {
      "version": "0.3.233",
      "resolved": "https://registry.npmjs.org/@anthropic-ai/claude-agent-sdk-win32-arm64/-/claude-agent-sdk-win32-arm64-0.3.233.tgz",
      "integrity": "sha512-aO2MaNdmQofyPLKszE4s+Ope/sLJPeI/ZlGdCcjYp7qhji2hgZ4bRWWsOrx5eKjz0gFK5CFFltILkFcNcxCsVg==",
      "cpu": [
        "arm64"
      ],
      "license": "SEE LICENSE IN LICENSE.md",
      "optional": true,
      "os": [
        "win32"
      ]
    },
    "node_modules/@anthropic-ai/claude-agent-sdk-win32-x64": {
      "version": "0.3.233",
      "resolved": "https://registry.npmjs.org/@anthropic-ai/claude-agent-sdk-win32-x64/-/claude-agent-sdk-win32-x64-0.3.233.tgz",
      "integrity": "sha512-TcAYyWPXS5mREZGUksuCZsLIRQjbo/Vriur2PqIhAmgZ1oiqBZO27a90sX60EUczD7yV8wpwOVhVLhUxO0kAEg==",
      "cpu": [
        "x64"
      ],
      "license": "SEE LICENSE IN LICENSE.md",
      "optional": true,
      "os": [
        "win32"
      ]
    }
  }
}
