{
  "name": "earwig-claude-reader",
  "lockfileVersion": 3,
  "requires": true,
  "packages": {
    "": {
      "name": "earwig-claude-reader",
      "license": "MIT",
      "dependencies": {
        "@anthropic-ai/claude-agent-sdk": "0.3.226"
      }
    },
    "node_modules/@anthropic-ai/claude-agent-sdk": {
      "version": "0.3.226",
      "resolved": "https://registry.npmjs.org/@anthropic-ai/claude-agent-sdk/-/claude-agent-sdk-0.3.226.tgz",
      "integrity": "sha512-RvaZCZSKGjNIN/bDrQbyq/XkjVaUAPThxFrwFz2jdl6DvGnUtsGlt7hmPsaGC6BDudbA8yvkZFSqaJveK3WhfQ==",
      "license": "SEE LICENSE IN README.md",
      "engines": {
        "node": ">=18.0.0"
      },
      "optionalDependencies": {
        "@anthropic-ai/claude-agent-sdk-darwin-arm64": "0.3.226",
        "@anthropic-ai/claude-agent-sdk-darwin-x64": "0.3.226",
        "@anthropic-ai/claude-agent-sdk-linux-arm64": "0.3.226",
        "@anthropic-ai/claude-agent-sdk-linux-arm64-musl": "0.3.226",
        "@anthropic-ai/claude-agent-sdk-linux-x64": "0.3.226",
        "@anthropic-ai/claude-agent-sdk-linux-x64-musl": "0.3.226",
        "@anthropic-ai/claude-agent-sdk-win32-arm64": "0.3.226",
        "@anthropic-ai/claude-agent-sdk-win32-x64": "0.3.226"
      },
      "peerDependencies": {
        "@anthropic-ai/sdk": ">=0.93.0",
        "@modelcontextprotocol/sdk": "^1.29.0",
        "zod": "^4.0.0"
      }
    },
    "node_modules/@anthropic-ai/claude-agent-sdk-darwin-arm64": {
      "version": "0.3.226",
      "resolved": "https://registry.npmjs.org/@anthropic-ai/claude-agent-sdk-darwin-arm64/-/claude-agent-sdk-darwin-arm64-0.3.226.tgz",
      "integrity": "sha512-ycyuSgN2XaSYdze1eM2wDwNmXS5wPqIh1RxiDs99ywPr9lpe3Y/Xcv0nz9JN5ahNoPIgWHIfI9Ac1EWCOdIF1Q==",
      "cpu": [
        "arm64"
      ],
      "license": "SEE LICENSE IN LICENSE.md",
      "optional": true,
      "os": [
        "darwin"
      ]
    },
    "node_modules/@anthropic-ai/claude-agent-sdk-darwin-x64": {
      "version": "0.3.226",
      "resolved": "https://registry.npmjs.org/@anthropic-ai/claude-agent-sdk-darwin-x64/-/claude-agent-sdk-darwin-x64-0.3.226.tgz",
      "integrity": "sha512-sOOCkhtMDGVKs6k3fpTAkCML974qOnt8Bm9zlC6rV0HkM0aP4bdDY1RAlKLF4fHmOP2s5fPTY3myZiHGDFnuUg==",
      "cpu": [
        "x64"
      ],
      "license": "SEE LICENSE IN LICENSE.md",
      "optional": true,
      "os": [
        "darwin"
      ]
    },
    "node_modules/@anthropic-ai/claude-agent-sdk-linux-arm64": {
      "version": "0.3.226",
      "resolved": "https://registry.npmjs.org/@anthropic-ai/claude-agent-sdk-linux-arm64/-/claude-agent-sdk-linux-arm64-0.3.226.tgz",
      "integrity": "sha512-YNwwC37m2vcY47mWZGqRmDh2ZSrO0Z01iTlIDsPmvKv03+7pwyaXVuq01Evtyp7see+KGeIYkMN37HhEt/h+8Q==",
      "cpu": [
        "arm64"
      ],
      "libc": [
        "glibc"
      ],
      "license": "SEE LICENSE IN LICENSE.md",
      "optional": true,
      "os": [
        "linux"
      ]
    },
    "node_modules/@anthropic-ai/claude-agent-sdk-linux-arm64-musl": {
      "version": "0.3.226",
      "resolved": "https://registry.npmjs.org/@anthropic-ai/claude-agent-sdk-linux-arm64-musl/-/claude-agent-sdk-linux-arm64-musl-0.3.226.tgz",
      "integrity": "sha512-w/hsZ2SqJTyPxLgQiK6X0c2yQJ1W3jAJW5UV0gXLq6wnzUeOnHVtG+TnJu2LuHseHovRqDQ9t8EsDgnZE0vdlA==",
      "cpu": [
        "arm64"
      ],
      "libc": [
        "musl"
      ],
      "license": "SEE LICENSE IN LICENSE.md",
      "optional": true,
      "os": [
        "linux"
      ]
    },
    "node_modules/@anthropic-ai/claude-agent-sdk-linux-x64": {
      "version": "0.3.226",
      "resolved": "https://registry.npmjs.org/@anthropic-ai/claude-agent-sdk-linux-x64/-/claude-agent-sdk-linux-x64-0.3.226.tgz",
      "integrity": "sha512-gPoHNeko9E+bmKVPRiAcCAOyBBrVcIH/WdjmyaGVoTP2bKibTs978A42rMNtAnuPBcAGAiImQimUU7w1TXESFw==",
      "cpu": [
        "x64"
      ],
      "libc": [
        "glibc"
      ],
      "license": "SEE LICENSE IN LICENSE.md",
      "optional": true,
      "os": [
        "linux"
      ]
    },
    "node_modules/@anthropic-ai/claude-agent-sdk-linux-x64-musl": {
      "version": "0.3.226",
      "resolved": "https://registry.npmjs.org/@anthropic-ai/claude-agent-sdk-linux-x64-musl/-/claude-agent-sdk-linux-x64-musl-0.3.226.tgz",
      "integrity": "sha512-sMRt4ocfctoYLxPKpbOUd8hHhoMz2eQX8d3DN78Gl8r4uTpsDz5NCFLdkk7ikuRzXvoMPzUrFy+wFVIF0B7TLA==",
      "cpu": [
        "x64"
      ],
      "libc": [
        "musl"
      ],
      "license": "SEE LICENSE IN LICENSE.md",
      "optional": true,
      "os": [
        "linux"
      ]
    },
    "node_modules/@anthropic-ai/claude-agent-sdk-win32-arm64": {
      "version": "0.3.226",
      "resolved": "https://registry.npmjs.org/@anthropic-ai/claude-agent-sdk-win32-arm64/-/claude-agent-sdk-win32-arm64-0.3.226.tgz",
      "integrity": "sha512-qkzWTR3Ns8PimC5rx4+cwfuyHlCRocGIAcdWDUgpnI70qH5GlqX9R0VfM7wGOCs/C+fJ04Hg0GfAkMv4xriZwA==",
      "cpu": [
        "arm64"
      ],
      "license": "SEE LICENSE IN LICENSE.md",
      "optional": true,
      "os": [
        "win32"
      ]
    },
    "node_modules/@anthropic-ai/claude-agent-sdk-win32-x64": {
      "version": "0.3.226",
      "resolved": "https://registry.npmjs.org/@anthropic-ai/claude-agent-sdk-win32-x64/-/claude-agent-sdk-win32-x64-0.3.226.tgz",
      "integrity": "sha512-uxVbLwGSX6lvO5Tazv0gZu8WSg1o14DQsqGSY+5pDNUk28KmNbFIQAjky9KeDzk9lnf63/aQPPsaq6UAikWjqA==",
      "cpu": [
        "x64"
      ],
      "license": "SEE LICENSE IN LICENSE.md",
      "optional": true,
      "os": [
        "win32"
      ]
    }
  }
}
