{
  "name": "earwig-claude-reader",
  "lockfileVersion": 3,
  "requires": true,
  "packages": {
    "": {
      "name": "earwig-claude-reader",
      "license": "MIT",
      "dependencies": {
        "@anthropic-ai/claude-agent-sdk": "0.3.241"
      }
    },
    "node_modules/@anthropic-ai/claude-agent-sdk": {
      "version": "0.3.241",
      "resolved": "https://registry.npmjs.org/@anthropic-ai/claude-agent-sdk/-/claude-agent-sdk-0.3.241.tgz",
      "integrity": "sha512-pIHdCSTywFe30H0oWDCKZzC4ipBLtF5YMDRKjf6PHyARg57O4l/72v3b6QKnnefwtKKMe6uWJ1Y9lUJg/sKWyA==",
      "license": "SEE LICENSE IN README.md",
      "engines": {
        "node": ">=18.0.0"
      },
      "optionalDependencies": {
        "@anthropic-ai/claude-agent-sdk-darwin-arm64": "0.3.241",
        "@anthropic-ai/claude-agent-sdk-darwin-x64": "0.3.241",
        "@anthropic-ai/claude-agent-sdk-linux-arm64": "0.3.241",
        "@anthropic-ai/claude-agent-sdk-linux-arm64-musl": "0.3.241",
        "@anthropic-ai/claude-agent-sdk-linux-x64": "0.3.241",
        "@anthropic-ai/claude-agent-sdk-linux-x64-musl": "0.3.241",
        "@anthropic-ai/claude-agent-sdk-win32-arm64": "0.3.241",
        "@anthropic-ai/claude-agent-sdk-win32-x64": "0.3.241"
      },
      "peerDependencies": {
        "@anthropic-ai/sdk": ">=0.93.0",
        "@modelcontextprotocol/sdk": "^1.29.0",
        "zod": "^4.0.0"
      }
    },
    "node_modules/@anthropic-ai/claude-agent-sdk-darwin-arm64": {
      "version": "0.3.241",
      "resolved": "https://registry.npmjs.org/@anthropic-ai/claude-agent-sdk-darwin-arm64/-/claude-agent-sdk-darwin-arm64-0.3.241.tgz",
      "integrity": "sha512-v26ta54lKFMFEZzbOE+6p3YhKERWnDiEA6OmkSAg+3fAQHOa1+aLTKw222cfgzxgiVixwFtHMk8c63zsDd8aXQ==",
      "cpu": [
        "arm64"
      ],
      "license": "SEE LICENSE IN LICENSE.md",
      "optional": true,
      "os": [
        "darwin"
      ]
    },
    "node_modules/@anthropic-ai/claude-agent-sdk-darwin-x64": {
      "version": "0.3.241",
      "resolved": "https://registry.npmjs.org/@anthropic-ai/claude-agent-sdk-darwin-x64/-/claude-agent-sdk-darwin-x64-0.3.241.tgz",
      "integrity": "sha512-5jweT0vft1ZCaGSoxZHF9vJlHbx8Yxx4+x5aHAIXTd4lx7ZbT4o5buEF8kpmTeHUB+Fw9jtFIm4QDsRiBXgf+Q==",
      "cpu": [
        "x64"
      ],
      "license": "SEE LICENSE IN LICENSE.md",
      "optional": true,
      "os": [
        "darwin"
      ]
    },
    "node_modules/@anthropic-ai/claude-agent-sdk-linux-arm64": {
      "version": "0.3.241",
      "resolved": "https://registry.npmjs.org/@anthropic-ai/claude-agent-sdk-linux-arm64/-/claude-agent-sdk-linux-arm64-0.3.241.tgz",
      "integrity": "sha512-SxszQGffXiLzMEnAv+pJXEmQbA8haijKyRjjH/jOt1CLeMIfpjKcO9WQDv8dEA8nREWS3zJ103zjgecAF7oOQQ==",
      "cpu": [
        "arm64"
      ],
      "libc": [
        "glibc"
      ],
      "license": "SEE LICENSE IN LICENSE.md",
      "optional": true,
      "os": [
        "linux"
      ]
    },
    "node_modules/@anthropic-ai/claude-agent-sdk-linux-arm64-musl": {
      "version": "0.3.241",
      "resolved": "https://registry.npmjs.org/@anthropic-ai/claude-agent-sdk-linux-arm64-musl/-/claude-agent-sdk-linux-arm64-musl-0.3.241.tgz",
      "integrity": "sha512-GslvPvSzehfCZyzOaJAt4lgodznm5zpl/LMXN8ygD12z5qnpM+I9/eFnmAaISJ0L8/vyohtlAP1jjaeR2jz1AQ==",
      "cpu": [
        "arm64"
      ],
      "libc": [
        "musl"
      ],
      "license": "SEE LICENSE IN LICENSE.md",
      "optional": true,
      "os": [
        "linux"
      ]
    },
    "node_modules/@anthropic-ai/claude-agent-sdk-linux-x64": {
      "version": "0.3.241",
      "resolved": "https://registry.npmjs.org/@anthropic-ai/claude-agent-sdk-linux-x64/-/claude-agent-sdk-linux-x64-0.3.241.tgz",
      "integrity": "sha512-gJRa922Qcm7loumHcXMDFEFg//tz1aOi7Nx0sQa9I9lC1JSN8yL6i7/idzOU5Hp193tEDFOgqIMFL/yRiXg+rw==",
      "cpu": [
        "x64"
      ],
      "libc": [
        "glibc"
      ],
      "license": "SEE LICENSE IN LICENSE.md",
      "optional": true,
      "os": [
        "linux"
      ]
    },
    "node_modules/@anthropic-ai/claude-agent-sdk-linux-x64-musl": {
      "version": "0.3.241",
      "resolved": "https://registry.npmjs.org/@anthropic-ai/claude-agent-sdk-linux-x64-musl/-/claude-agent-sdk-linux-x64-musl-0.3.241.tgz",
      "integrity": "sha512-kZigJ5Ug2I2G/n7Cunmwy4TGr0lOGnWrz6TkzyWiDcUmJOodoTH6GZECNarWAtETfN03AAeLfrpiz8z3hOEDqA==",
      "cpu": [
        "x64"
      ],
      "libc": [
        "musl"
      ],
      "license": "SEE LICENSE IN LICENSE.md",
      "optional": true,
      "os": [
        "linux"
      ]
    },
    "node_modules/@anthropic-ai/claude-agent-sdk-win32-arm64": {
      "version": "0.3.241",
      "resolved": "https://registry.npmjs.org/@anthropic-ai/claude-agent-sdk-win32-arm64/-/claude-agent-sdk-win32-arm64-0.3.241.tgz",
      "integrity": "sha512-/3yA9jQuCvHDVlILzhtslH6kFYOvydXyMZiKwnzqM8ZfvFTNO41w8TpiFpBLseyM+4A4E8QMeTKu3L01Xyb5IQ==",
      "cpu": [
        "arm64"
      ],
      "license": "SEE LICENSE IN LICENSE.md",
      "optional": true,
      "os": [
        "win32"
      ]
    },
    "node_modules/@anthropic-ai/claude-agent-sdk-win32-x64": {
      "version": "0.3.241",
      "resolved": "https://registry.npmjs.org/@anthropic-ai/claude-agent-sdk-win32-x64/-/claude-agent-sdk-win32-x64-0.3.241.tgz",
      "integrity": "sha512-cHYdAgORl9kynujMeYXyV1uj/hbmsBjRw9dRVkIW4/4sF7S6L4u/qDSzn1/wiNP7g2yWSJ4KbsvHDH2WWDnCBQ==",
      "cpu": [
        "x64"
      ],
      "license": "SEE LICENSE IN LICENSE.md",
      "optional": true,
      "os": [
        "win32"
      ]
    }
  }
}
